
Microsoft Visual Studio Solution File, Format Version 12.00
# Visual Studio Version 16
VisualStudioVersion = 25.0.1706.9
MinimumVisualStudioVersion = 10.0.40219.1
Project("{FAE04EC0-301F-11D3-BF4B-00C04F79EFBC}") = "EcommerceMvp", "EcommerceMvp\EcommerceMvp.csproj", "{FDC471DC-A720-4CEF-99DB-B69B6DE95B81}"
EndProject
Global
	GlobalSection(SolutionConfigurationPlatforms) = preSolution
		Debug|Any CPU = Debug|Any CPU
		Release|Any CPU = Release|Any CPU
	EndGlobalSection
	GlobalSection(ProjectConfigurationPlatforms) = postSolution
		{FDC471DC-A720-4CEF-99DB-B69B6DE95B81}.Debug|Any CPU.ActiveCfg = Debug|Any CPU
		{FDC471DC-A720-4CEF-99DB-B69B6DE95B81}.Debug|Any CPU.Build.0 = Debug|Any CPU
		{FDC471DC-A720-4CEF-99DB-B69B6DE95B81}.Release|Any CPU.ActiveCfg = Release|Any CPU
		{FDC471DC-A720-4CEF-99DB-B69B6DE95B81}.Release|Any CPU.Build.0 = Release|Any CPU
	EndGlobalSection
	GlobalSection(SolutionProperties) = preSolution
		HideSolutionNode = FALSE
	EndGlobalSection
	GlobalSection(ExtensibilityGlobals) = postSolution
		SolutionGuid = {379401BC-D99F-4E54-AD83-DDED0F0C206D}
	EndGlobalSection
EndGlobal
